
Microsoft Visual Studio Solution File, Format Version 12.00
# Visual Studio Version 17
VisualStudioVersion = 17.2.32616.157
MinimumVisualStudioVersion = 10.0.40219.1
Project("{9A19103F-16F7-4668-BE54-9A1E7A4F7556}") = "Lesson3_Matrix", "Lesson3_Matrix\Lesson3_Matrix.csproj", "{60A5D472-A9BA-406E-A9D8-CA65BDBF5CCE}"
EndProject
Project("{9A19103F-16F7-4668-BE54-9A1E7A4F7556}") = "Lesson4_Strings", "Lesson4_Strings\Lesson4_Strings.csproj", "{DB16A346-0023-4D73-A4B6-8D3F5CC47044}"
EndProject
Project("{FAE04EC0-301F-11D3-BF4B-00C04F79EFBC}") = "Lesson12_FamilyTree", "Lesson12_FamilyTree\Lesson12_FamilyTree.csproj", "{A2DC877C-F016-4936-81EC-25A16A381630}"
EndProject
Global
	GlobalSection(SolutionConfigurationPlatforms) = preSolution
		Debug|Any CPU = Debug|Any CPU
		Release|Any CPU = Release|Any CPU
	EndGlobalSection
	GlobalSection(ProjectConfigurationPlatforms) = postSolution
		{60A5D472-A9BA-406E-A9D8-CA65BDBF5CCE}.Debug|Any CPU.ActiveCfg = Debug|Any CPU
		{60A5D472-A9BA-406E-A9D8-CA65BDBF5CCE}.Debug|Any CPU.Build.0 = Debug|Any CPU
		{60A5D472-A9BA-406E-A9D8-CA65BDBF5CCE}.Release|Any CPU.ActiveCfg = Release|Any CPU
		{60A5D472-A9BA-406E-A9D8-CA65BDBF5CCE}.Release|Any CPU.Build.0 = Release|Any CPU
		{DB16A346-0023-4D73-A4B6-8D3F5CC47044}.Debug|Any CPU.ActiveCfg = Debug|Any CPU
		{DB16A346-0023-4D73-A4B6-8D3F5CC47044}.Debug|Any CPU.Build.0 = Debug|Any CPU
		{DB16A346-0023-4D73-A4B6-8D3F5CC47044}.Release|Any CPU.ActiveCfg = Release|Any CPU
		{DB16A346-0023-4D73-A4B6-8D3F5CC47044}.Release|Any CPU.Build.0 = Release|Any CPU
		{A2DC877C-F016-4936-81EC-25A16A381630}.Debug|Any CPU.ActiveCfg = Debug|Any CPU
		{A2DC877C-F016-4936-81EC-25A16A381630}.Debug|Any CPU.Build.0 = Debug|Any CPU
		{A2DC877C-F016-4936-81EC-25A16A381630}.Release|Any CPU.ActiveCfg = Release|Any CPU
		{A2DC877C-F016-4936-81EC-25A16A381630}.Release|Any CPU.Build.0 = Release|Any CPU
	EndGlobalSection
	GlobalSection(SolutionProperties) = preSolution
		HideSolutionNode = FALSE
	EndGlobalSection
	GlobalSection(ExtensibilityGlobals) = postSolution
		SolutionGuid = {9905A5F2-469C-4521-B951-8699ED2D5F5B}
	EndGlobalSection
EndGlobal
