
EndProject
Project("{9A19103F-16F7-4668-BE54-9A1E7A4F7556}") = "Lesson12_FamilyTree", "..\..\Reposit\Lesson3_Matrix\Lesson12_FamilyTree\Lesson12_FamilyTree.csproj", "{10E27110-AF22-4C1F-A1F7-669A21EAC998}"
EndProject
Project("{9A19103F-16F7-4668-BE54-9A1E7A4F7556}") = "Lesson12_Override", "..\..\Reposit\Lesson3_Matrix\Lesson12_Override\Lesson12_Override.csproj", "{08A060FB-FD93-442E-AE83-7F0AC7FCA335}"
EndProject
Project("{9A19103F-16F7-4668-BE54-9A1E7A4F7556}") = "Lesson14_ManageCompany", "..\..\Reposit\Lesson3_Matrix\Lesson14_ManageCompany\Lesson14_ManageCompany.csproj", "{D81D14D3-9F0B-41E7-BBC8-531BDF2322F1}"
EndProject
Project("{FAE04EC0-301F-11D3-BF4B-00C04F79EFBC}") = "Lesson11", "Lesson11\Lesson11.csproj", "{D4CCF6D0-BC0E-4362-94CD-3A4D0CFFF5F7}"
EndProject
Project("{FAE04EC0-301F-11D3-BF4B-00C04F79EFBC}") = "LibForL11", "LibForL11\LibForL11.csproj", "{D5B450BE-D36B-4788-8FEE-7A12A283D45D}"
EndProject
Global
	GlobalSection(SolutionConfigurationPlatforms) = preSolution
		Debug|Any CPU = Debug|Any CPU
		Release|Any CPU = Release|Any CPU
	EndGlobalSection
	GlobalSection(ProjectConfigurationPlatforms) = postSolution
		{60A5D472-A9BA-406E-A9D8-CA65BDBF5CCE}.Debug|Any CPU.ActiveCfg = Debug|Any CPU
		{60A5D472-A9BA-406E-A9D8-CA65BDBF5CCE}.Debug|Any CPU.Build.0 = Debug|Any CPU
		{60A5D472-A9BA-406E-A9D8-CA65BDBF5CCE}.Release|Any CPU.ActiveCfg = Release|Any CPU
		{60A5D472-A9BA-406E-A9D8-CA65BDBF5CCE}.Release|Any CPU.Build.0 = Release|Any CPU
		{DB16A346-0023-4D73-A4B6-8D3F5CC47044}.Debug|Any CPU.ActiveCfg = Debug|Any CPU
		{DB16A346-0023-4D73-A4B6-8D3F5CC47044}.Debug|Any CPU.Build.0 = Debug|Any CPU
		{DB16A346-0023-4D73-A4B6-8D3F5CC47044}.Release|Any CPU.ActiveCfg = Release|Any CPU
		{DB16A346-0023-4D73-A4B6-8D3F5CC47044}.Release|Any CPU.Build.0 = Release|Any CPU

	EndGlobalSection
	GlobalSection(SolutionProperties) = preSolution
		HideSolutionNode = FALSE
	EndGlobalSection
	GlobalSection(ExtensibilityGlobals) = postSolution
		SolutionGuid = {9905A5F2-469C-4521-B951-8699ED2D5F5B}
	EndGlobalSection
EndGlobal
